
Microsoft Visual Studio Solution File, Format Version 12.00
# Visual Studio Version 17
VisualStudioVersion = 17.12.35424.110
MinimumVisualStudioVersion = 10.0.40219.1
Project("{FAE04EC0-301F-11D3-BF4B-00C04F79EFBC}") = "Wpc2024HMIApp", "Wpc2024HMIApp\Wpc2024HMIApp.csproj", "{5D4F2175-3C71-489D-BA2D-BDA3FD4774B4}"
EndProject
Project("{2150E333-8FDC-42A3-9474-1A3956D46DE8}") = "Solution Items", "Solution Items", "{BC4DF9E7-C69B-49D8-901A-1886C96EDAAD}"
	ProjectSection(SolutionItems) = preProject
		.editorconfig = .editorconfig
	EndProjectSection
EndProject
Global
	GlobalSection(SolutionConfigurationPlatforms) = preSolution
		Debug|Any CPU = Debug|Any CPU
		Release|Any CPU = Release|Any CPU
	EndGlobalSection
	GlobalSection(ProjectConfigurationPlatforms) = postSolution
		{5D4F2175-3C71-489D-BA2D-BDA3FD4774B4}.Debug|Any CPU.ActiveCfg = Debug|Any CPU
		{5D4F2175-3C71-489D-BA2D-BDA3FD4774B4}.Debug|Any CPU.Build.0 = Debug|Any CPU
		{5D4F2175-3C71-489D-BA2D-BDA3FD4774B4}.Release|Any CPU.ActiveCfg = Release|Any CPU
		{5D4F2175-3C71-489D-BA2D-BDA3FD4774B4}.Release|Any CPU.Build.0 = Release|Any CPU
	EndGlobalSection
	GlobalSection(SolutionProperties) = preSolution
		HideSolutionNode = FALSE
	EndGlobalSection
EndGlobal
